
Microsoft Visual Studio Solution File, Format Version 12.00
# Visual Studio Version 17
VisualStudioVersion = 17.9.34714.143
MinimumVisualStudioVersion = 10.0.40219.1
Project("{FAE04EC0-301F-11D3-BF4B-00C04F79EFBC}") = "gorselprogramlamavize", "gorselprogramlamavize\gorselprogramlamavize.csproj", "{D5E04E8E-6256-4998-80D8-9295993F61DC}"
EndProject
Global
	GlobalSection(SolutionConfigurationPlatforms) = preSolution
		Debug|Any CPU = Debug|Any CPU
		Release|Any CPU = Release|Any CPU
	EndGlobalSection
	GlobalSection(ProjectConfigurationPlatforms) = postSolution
		{D5E04E8E-6256-4998-80D8-9295993F61DC}.Debug|Any CPU.ActiveCfg = Debug|Any CPU
		{D5E04E8E-6256-4998-80D8-9295993F61DC}.Debug|Any CPU.Build.0 = Debug|Any CPU
		{D5E04E8E-6256-4998-80D8-9295993F61DC}.Release|Any CPU.ActiveCfg = Release|Any CPU
		{D5E04E8E-6256-4998-80D8-9295993F61DC}.Release|Any CPU.Build.0 = Release|Any CPU
	EndGlobalSection
	GlobalSection(SolutionProperties) = preSolution
		HideSolutionNode = FALSE
	EndGlobalSection
	GlobalSection(ExtensibilityGlobals) = postSolution
		SolutionGuid = {FDF0233E-7A59-4989-905C-440495AB406E}
	EndGlobalSection
EndGlobal
